
Microsoft Visual Studio Solution File, Format Version 12.00
# Visual Studio Version 17
VisualStudioVersion = 17.0.31903.59
MinimumVisualStudioVersion = 10.0.40219.1
Project("{2150E333-8FDC-42A3-9474-1A3956D46DE8}") = "src", "src", "{827E0CD3-B72D-47B6-A68D-7590B98EB39B}"
EndProject
Project("{FAE04EC0-301F-11D3-BF4B-00C04F79EFBC}") = "DbConnector.Core", "src\DbConnector.Core\DbConnector.Core.csproj", "{8BCDC278-9BF5-4F7E-A06C-86F4A02B2570}"
EndProject
Project("{FAE04EC0-301F-11D3-BF4B-00C04F79EFBC}") = "DbConnector.Adapters", "src\DbConnector.Adapters\DbConnector.Adapters.csproj", "{9688C427-83D9-4502-9918-41E2D6792BD2}"
EndProject
Project("{2150E333-8FDC-42A3-9474-1A3956D46DE8}") = "samples", "samples", "{5D20AA90-6969-D8BD-9DCD-8634F4692FDA}"
EndProject
Project("{FAE04EC0-301F-11D3-BF4B-00C04F79EFBC}") = "ConsoleApp", "samples\ConsoleApp\ConsoleApp.csproj", "{983A960A-A932-48B2-B6E9-58A43B02452B}"
EndProject
Project("{2150E333-8FDC-42A3-9474-1A3956D46DE8}") = "tests", "tests", "{0AB3BF05-4346-4AA6-1389-037BE0695223}"
EndProject
Project("{FAE04EC0-301F-11D3-BF4B-00C04F79EFBC}") = "DbConnector.Tests", "tests\DbConnector.Tests\DbConnector.Tests.csproj", "{5DAAFFAC-87C5-470E-9B9E-43E0FE3E70BB}"
EndProject
Global
	GlobalSection(SolutionConfigurationPlatforms) = preSolution
		Debug|Any CPU = Debug|Any CPU
		Debug|x64 = Debug|x64
		Debug|x86 = Debug|x86
		Release|Any CPU = Release|Any CPU
		Release|x64 = Release|x64
		Release|x86 = Release|x86
	EndGlobalSection
	GlobalSection(ProjectConfigurationPlatforms) = postSolution
		{8BCDC278-9BF5-4F7E-A06C-86F4A02B2570}.Debug|Any CPU.ActiveCfg = Debug|Any CPU
		{8BCDC278-9BF5-4F7E-A06C-86F4A02B2570}.Debug|Any CPU.Build.0 = Debug|Any CPU
		{8BCDC278-9BF5-4F7E-A06C-86F4A02B2570}.Debug|x64.ActiveCfg = Debug|Any CPU
		{8BCDC278-9BF5-4F7E-A06C-86F4A02B2570}.Debug|x64.Build.0 = Debug|Any CPU
		{8BCDC278-9BF5-4F7E-A06C-86F4A02B2570}.Debug|x86.ActiveCfg = Debug|Any CPU
		{8BCDC278-9BF5-4F7E-A06C-86F4A02B2570}.Debug|x86.Build.0 = Debug|Any CPU
		{8BCDC278-9BF5-4F7E-A06C-86F4A02B2570}.Release|Any CPU.ActiveCfg = Release|Any CPU
		{8BCDC278-9BF5-4F7E-A06C-86F4A02B2570}.Release|Any CPU.Build.0 = Release|Any CPU
		{8BCDC278-9BF5-4F7E-A06C-86F4A02B2570}.Release|x64.ActiveCfg = Release|Any CPU
		{8BCDC278-9BF5-4F7E-A06C-86F4A02B2570}.Release|x64.Build.0 = Release|Any CPU
		{8BCDC278-9BF5-4F7E-A06C-86F4A02B2570}.Release|x86.ActiveCfg = Release|Any CPU
		{8BCDC278-9BF5-4F7E-A06C-86F4A02B2570}.Release|x86.Build.0 = Release|Any CPU
		{9688C427-83D9-4502-9918-41E2D6792BD2}.Debug|Any CPU.ActiveCfg = Debug|Any CPU
		{9688C427-83D9-4502-9918-41E2D6792BD2}.Debug|Any CPU.Build.0 = Debug|Any CPU
		{9688C427-83D9-4502-9918-41E2D6792BD2}.Debug|x64.ActiveCfg = Debug|Any CPU
		{9688C427-83D9-4502-9918-41E2D6792BD2}.Debug|x64.Build.0 = Debug|Any CPU
		{9688C427-83D9-4502-9918-41E2D6792BD2}.Debug|x86.ActiveCfg = Debug|Any CPU
		{9688C427-83D9-4502-9918-41E2D6792BD2}.Debug|x86.Build.0 = Debug|Any CPU
		{9688C427-83D9-4502-9918-41E2D6792BD2}.Release|Any CPU.ActiveCfg = Release|Any CPU
		{9688C427-83D9-4502-9918-41E2D6792BD2}.Release|Any CPU.Build.0 = Release|Any CPU
		{9688C427-83D9-4502-9918-41E2D6792BD2}.Release|x64.ActiveCfg = Release|Any CPU
		{9688C427-83D9-4502-9918-41E2D6792BD2}.Release|x64.Build.0 = Release|Any CPU
		{9688C427-83D9-4502-9918-41E2D6792BD2}.Release|x86.ActiveCfg = Release|Any CPU
		{9688C427-83D9-4502-9918-41E2D6792BD2}.Release|x86.Build.0 = Release|Any CPU
		{983A960A-A932-48B2-B6E9-58A43B02452B}.Debug|Any CPU.ActiveCfg = Debug|Any CPU
		{983A960A-A932-48B2-B6E9-58A43B02452B}.Debug|Any CPU.Build.0 = Debug|Any CPU
		{983A960A-A932-48B2-B6E9-58A43B02452B}.Debug|x64.ActiveCfg = Debug|Any CPU
		{983A960A-A932-48B2-B6E9-58A43B02452B}.Debug|x64.Build.0 = Debug|Any CPU
		{983A960A-A932-48B2-B6E9-58A43B02452B}.Debug|x86.ActiveCfg = Debug|Any CPU
		{983A960A-A932-48B2-B6E9-58A43B02452B}.Debug|x86.Build.0 = Debug|Any CPU
		{983A960A-A932-48B2-B6E9-58A43B02452B}.Release|Any CPU.ActiveCfg = Release|Any CPU
		{983A960A-A932-48B2-B6E9-58A43B02452B}.Release|Any CPU.Build.0 = Release|Any CPU
		{983A960A-A932-48B2-B6E9-58A43B02452B}.Release|x64.ActiveCfg = Release|Any CPU
		{983A960A-A932-48B2-B6E9-58A43B02452B}.Release|x64.Build.0 = Release|Any CPU
		{983A960A-A932-48B2-B6E9-58A43B02452B}.Release|x86.ActiveCfg = Release|Any CPU
		{983A960A-A932-48B2-B6E9-58A43B02452B}.Release|x86.Build.0 = Release|Any CPU
		{5DAAFFAC-87C5-470E-9B9E-43E0FE3E70BB}.Debug|Any CPU.ActiveCfg = Debug|Any CPU
		{5DAAFFAC-87C5-470E-9B9E-43E0FE3E70BB}.Debug|Any CPU.Build.0 = Debug|Any CPU
		{5DAAFFAC-87C5-470E-9B9E-43E0FE3E70BB}.Debug|x64.ActiveCfg = Debug|Any CPU
		{5DAAFFAC-87C5-470E-9B9E-43E0FE3E70BB}.Debug|x64.Build.0 = Debug|Any CPU
		{5DAAFFAC-87C5-470E-9B9E-43E0FE3E70BB}.Debug|x86.ActiveCfg = Debug|Any CPU
		{5DAAFFAC-87C5-470E-9B9E-43E0FE3E70BB}.Debug|x86.Build.0 = Debug|Any CPU
		{5DAAFFAC-87C5-470E-9B9E-43E0FE3E70BB}.Release|Any CPU.ActiveCfg = Release|Any CPU
		{5DAAFFAC-87C5-470E-9B9E-43E0FE3E70BB}.Release|Any CPU.Build.0 = Release|Any CPU
		{5DAAFFAC-87C5-470E-9B9E-43E0FE3E70BB}.Release|x64.ActiveCfg = Release|Any CPU
		{5DAAFFAC-87C5-470E-9B9E-43E0FE3E70BB}.Release|x64.Build.0 = Release|Any CPU
		{5DAAFFAC-87C5-470E-9B9E-43E0FE3E70BB}.Release|x86.ActiveCfg = Release|Any CPU
		{5DAAFFAC-87C5-470E-9B9E-43E0FE3E70BB}.Release|x86.Build.0 = Release|Any CPU
	EndGlobalSection
	GlobalSection(SolutionProperties) = preSolution
		HideSolutionNode = FALSE
	EndGlobalSection
	GlobalSection(NestedProjects) = preSolution
		{8BCDC278-9BF5-4F7E-A06C-86F4A02B2570} = {827E0CD3-B72D-47B6-A68D-7590B98EB39B}
		{9688C427-83D9-4502-9918-41E2D6792BD2} = {827E0CD3-B72D-47B6-A68D-7590B98EB39B}
		{983A960A-A932-48B2-B6E9-58A43B02452B} = {5D20AA90-6969-D8BD-9DCD-8634F4692FDA}
		{5DAAFFAC-87C5-470E-9B9E-43E0FE3E70BB} = {0AB3BF05-4346-4AA6-1389-037BE0695223}
	EndGlobalSection
EndGlobal
