
Microsoft Visual Studio Solution File, Format Version 12.00
# Visual Studio Version 17
VisualStudioVersion = 17.0.31903.59
MinimumVisualStudioVersion = 10.0.40219.1
Project("{2150E333-8FDC-42A3-9474-1A3956D46DE8}") = "src", "src", "{827E0CD3-B72D-47B6-A68D-7590B98EB39B}"
EndProject
Project("{FAE04EC0-301F-11D3-BF4B-00C04F79EFBC}") = "DbConnector.Core", "src\DbConnector.Core\DbConnector.Core.csproj", "{CC5822CF-2174-467D-87E2-D992BADAEF31}"
EndProject
Project("{FAE04EC0-301F-11D3-BF4B-00C04F79EFBC}") = "DbConnector.Adapters", "src\DbConnector.Adapters\DbConnector.Adapters.csproj", "{E019E030-5A65-4109-B766-C92E566EDB11}"
EndProject
Project("{2150E333-8FDC-42A3-9474-1A3956D46DE8}") = "DbConnector.Models", "DbConnector.Models", "{89025256-F47F-4788-6A3D-2DB1CE65B590}"
EndProject
Project("{FAE04EC0-301F-11D3-BF4B-00C04F79EFBC}") = "User", "src\DbConnector.Models\User.csproj", "{B1584D38-F583-4476-A1CE-F41D83309FD3}"
EndProject
Project("{2150E333-8FDC-42A3-9474-1A3956D46DE8}") = "DbConnector.Repositories", "DbConnector.Repositories", "{3A2BB6C1-BE66-8551-5300-A7E38EED0084}"
EndProject
Project("{FAE04EC0-301F-11D3-BF4B-00C04F79EFBC}") = "UserRepository", "src\DbConnector.Repositories\UserRepository.csproj", "{649E6FF1-7E97-4E17-B2C2-4CEB064DF484}"
EndProject
Project("{2150E333-8FDC-42A3-9474-1A3956D46DE8}") = "samples", "samples", "{5D20AA90-6969-D8BD-9DCD-8634F4692FDA}"
EndProject
Project("{FAE04EC0-301F-11D3-BF4B-00C04F79EFBC}") = "ConsoleApp", "samples\ConsoleApp.csproj", "{DCCB122E-2987-41DF-8AFE-9420D0AC38A9}"
EndProject
Project("{2150E333-8FDC-42A3-9474-1A3956D46DE8}") = "tests", "tests", "{0AB3BF05-4346-4AA6-1389-037BE0695223}"
EndProject
Project("{FAE04EC0-301F-11D3-BF4B-00C04F79EFBC}") = "DbConnector.Tests", "tests\DbConnector.Tests\DbConnector.Tests.csproj", "{40C348E2-659D-4E2C-BBAC-27161AFE9A3A}"
EndProject
Global
	GlobalSection(SolutionConfigurationPlatforms) = preSolution
		Debug|Any CPU = Debug|Any CPU
		Debug|x64 = Debug|x64
		Debug|x86 = Debug|x86
		Release|Any CPU = Release|Any CPU
		Release|x64 = Release|x64
		Release|x86 = Release|x86
	EndGlobalSection
	GlobalSection(ProjectConfigurationPlatforms) = postSolution
		{CC5822CF-2174-467D-87E2-D992BADAEF31}.Debug|Any CPU.ActiveCfg = Debug|Any CPU
		{CC5822CF-2174-467D-87E2-D992BADAEF31}.Debug|Any CPU.Build.0 = Debug|Any CPU
		{CC5822CF-2174-467D-87E2-D992BADAEF31}.Debug|x64.ActiveCfg = Debug|Any CPU
		{CC5822CF-2174-467D-87E2-D992BADAEF31}.Debug|x64.Build.0 = Debug|Any CPU
		{CC5822CF-2174-467D-87E2-D992BADAEF31}.Debug|x86.ActiveCfg = Debug|Any CPU
		{CC5822CF-2174-467D-87E2-D992BADAEF31}.Debug|x86.Build.0 = Debug|Any CPU
		{CC5822CF-2174-467D-87E2-D992BADAEF31}.Release|Any CPU.ActiveCfg = Release|Any CPU
		{CC5822CF-2174-467D-87E2-D992BADAEF31}.Release|Any CPU.Build.0 = Release|Any CPU
		{CC5822CF-2174-467D-87E2-D992BADAEF31}.Release|x64.ActiveCfg = Release|Any CPU
		{CC5822CF-2174-467D-87E2-D992BADAEF31}.Release|x64.Build.0 = Release|Any CPU
		{CC5822CF-2174-467D-87E2-D992BADAEF31}.Release|x86.ActiveCfg = Release|Any CPU
		{CC5822CF-2174-467D-87E2-D992BADAEF31}.Release|x86.Build.0 = Release|Any CPU
		{E019E030-5A65-4109-B766-C92E566EDB11}.Debug|Any CPU.ActiveCfg = Debug|Any CPU
		{E019E030-5A65-4109-B766-C92E566EDB11}.Debug|Any CPU.Build.0 = Debug|Any CPU
		{E019E030-5A65-4109-B766-C92E566EDB11}.Debug|x64.ActiveCfg = Debug|Any CPU
		{E019E030-5A65-4109-B766-C92E566EDB11}.Debug|x64.Build.0 = Debug|Any CPU
		{E019E030-5A65-4109-B766-C92E566EDB11}.Debug|x86.ActiveCfg = Debug|Any CPU
		{E019E030-5A65-4109-B766-C92E566EDB11}.Debug|x86.Build.0 = Debug|Any CPU
		{E019E030-5A65-4109-B766-C92E566EDB11}.Release|Any CPU.ActiveCfg = Release|Any CPU
		{E019E030-5A65-4109-B766-C92E566EDB11}.Release|Any CPU.Build.0 = Release|Any CPU
		{E019E030-5A65-4109-B766-C92E566EDB11}.Release|x64.ActiveCfg = Release|Any CPU
		{E019E030-5A65-4109-B766-C92E566EDB11}.Release|x64.Build.0 = Release|Any CPU
		{E019E030-5A65-4109-B766-C92E566EDB11}.Release|x86.ActiveCfg = Release|Any CPU
		{E019E030-5A65-4109-B766-C92E566EDB11}.Release|x86.Build.0 = Release|Any CPU
		{B1584D38-F583-4476-A1CE-F41D83309FD3}.Debug|Any CPU.ActiveCfg = Debug|Any CPU
		{B1584D38-F583-4476-A1CE-F41D83309FD3}.Debug|Any CPU.Build.0 = Debug|Any CPU
		{B1584D38-F583-4476-A1CE-F41D83309FD3}.Debug|x64.ActiveCfg = Debug|Any CPU
		{B1584D38-F583-4476-A1CE-F41D83309FD3}.Debug|x64.Build.0 = Debug|Any CPU
		{B1584D38-F583-4476-A1CE-F41D83309FD3}.Debug|x86.ActiveCfg = Debug|Any CPU
		{B1584D38-F583-4476-A1CE-F41D83309FD3}.Debug|x86.Build.0 = Debug|Any CPU
		{B1584D38-F583-4476-A1CE-F41D83309FD3}.Release|Any CPU.ActiveCfg = Release|Any CPU
		{B1584D38-F583-4476-A1CE-F41D83309FD3}.Release|Any CPU.Build.0 = Release|Any CPU
		{B1584D38-F583-4476-A1CE-F41D83309FD3}.Release|x64.ActiveCfg = Release|Any CPU
		{B1584D38-F583-4476-A1CE-F41D83309FD3}.Release|x64.Build.0 = Release|Any CPU
		{B1584D38-F583-4476-A1CE-F41D83309FD3}.Release|x86.ActiveCfg = Release|Any CPU
		{B1584D38-F583-4476-A1CE-F41D83309FD3}.Release|x86.Build.0 = Release|Any CPU
		{649E6FF1-7E97-4E17-B2C2-4CEB064DF484}.Debug|Any CPU.ActiveCfg = Debug|Any CPU
		{649E6FF1-7E97-4E17-B2C2-4CEB064DF484}.Debug|Any CPU.Build.0 = Debug|Any CPU
		{649E6FF1-7E97-4E17-B2C2-4CEB064DF484}.Debug|x64.ActiveCfg = Debug|Any CPU
		{649E6FF1-7E97-4E17-B2C2-4CEB064DF484}.Debug|x64.Build.0 = Debug|Any CPU
		{649E6FF1-7E97-4E17-B2C2-4CEB064DF484}.Debug|x86.ActiveCfg = Debug|Any CPU
		{649E6FF1-7E97-4E17-B2C2-4CEB064DF484}.Debug|x86.Build.0 = Debug|Any CPU
		{649E6FF1-7E97-4E17-B2C2-4CEB064DF484}.Release|Any CPU.ActiveCfg = Release|Any CPU
		{649E6FF1-7E97-4E17-B2C2-4CEB064DF484}.Release|Any CPU.Build.0 = Release|Any CPU
		{649E6FF1-7E97-4E17-B2C2-4CEB064DF484}.Release|x64.ActiveCfg = Release|Any CPU
		{649E6FF1-7E97-4E17-B2C2-4CEB064DF484}.Release|x64.Build.0 = Release|Any CPU
		{649E6FF1-7E97-4E17-B2C2-4CEB064DF484}.Release|x86.ActiveCfg = Release|Any CPU
		{649E6FF1-7E97-4E17-B2C2-4CEB064DF484}.Release|x86.Build.0 = Release|Any CPU
		{DCCB122E-2987-41DF-8AFE-9420D0AC38A9}.Debug|Any CPU.ActiveCfg = Debug|Any CPU
		{DCCB122E-2987-41DF-8AFE-9420D0AC38A9}.Debug|Any CPU.Build.0 = Debug|Any CPU
		{DCCB122E-2987-41DF-8AFE-9420D0AC38A9}.Debug|x64.ActiveCfg = Debug|Any CPU
		{DCCB122E-2987-41DF-8AFE-9420D0AC38A9}.Debug|x64.Build.0 = Debug|Any CPU
		{DCCB122E-2987-41DF-8AFE-9420D0AC38A9}.Debug|x86.ActiveCfg = Debug|Any CPU
		{DCCB122E-2987-41DF-8AFE-9420D0AC38A9}.Debug|x86.Build.0 = Debug|Any CPU
		{DCCB122E-2987-41DF-8AFE-9420D0AC38A9}.Release|Any CPU.ActiveCfg = Release|Any CPU
		{DCCB122E-2987-41DF-8AFE-9420D0AC38A9}.Release|Any CPU.Build.0 = Release|Any CPU
		{DCCB122E-2987-41DF-8AFE-9420D0AC38A9}.Release|x64.ActiveCfg = Release|Any CPU
		{DCCB122E-2987-41DF-8AFE-9420D0AC38A9}.Release|x64.Build.0 = Release|Any CPU
		{DCCB122E-2987-41DF-8AFE-9420D0AC38A9}.Release|x86.ActiveCfg = Release|Any CPU
		{DCCB122E-2987-41DF-8AFE-9420D0AC38A9}.Release|x86.Build.0 = Release|Any CPU
		{40C348E2-659D-4E2C-BBAC-27161AFE9A3A}.Debug|Any CPU.ActiveCfg = Debug|Any CPU
		{40C348E2-659D-4E2C-BBAC-27161AFE9A3A}.Debug|Any CPU.Build.0 = Debug|Any CPU
		{40C348E2-659D-4E2C-BBAC-27161AFE9A3A}.Debug|x64.ActiveCfg = Debug|Any CPU
		{40C348E2-659D-4E2C-BBAC-27161AFE9A3A}.Debug|x64.Build.0 = Debug|Any CPU
		{40C348E2-659D-4E2C-BBAC-27161AFE9A3A}.Debug|x86.ActiveCfg = Debug|Any CPU
		{40C348E2-659D-4E2C-BBAC-27161AFE9A3A}.Debug|x86.Build.0 = Debug|Any CPU
		{40C348E2-659D-4E2C-BBAC-27161AFE9A3A}.Release|Any CPU.ActiveCfg = Release|Any CPU
		{40C348E2-659D-4E2C-BBAC-27161AFE9A3A}.Release|Any CPU.Build.0 = Release|Any CPU
		{40C348E2-659D-4E2C-BBAC-27161AFE9A3A}.Release|x64.ActiveCfg = Release|Any CPU
		{40C348E2-659D-4E2C-BBAC-27161AFE9A3A}.Release|x64.Build.0 = Release|Any CPU
		{40C348E2-659D-4E2C-BBAC-27161AFE9A3A}.Release|x86.ActiveCfg = Release|Any CPU
		{40C348E2-659D-4E2C-BBAC-27161AFE9A3A}.Release|x86.Build.0 = Release|Any CPU
	EndGlobalSection
	GlobalSection(SolutionProperties) = preSolution
		HideSolutionNode = FALSE
	EndGlobalSection
	GlobalSection(NestedProjects) = preSolution
		{CC5822CF-2174-467D-87E2-D992BADAEF31} = {827E0CD3-B72D-47B6-A68D-7590B98EB39B}
		{E019E030-5A65-4109-B766-C92E566EDB11} = {827E0CD3-B72D-47B6-A68D-7590B98EB39B}
		{89025256-F47F-4788-6A3D-2DB1CE65B590} = {827E0CD3-B72D-47B6-A68D-7590B98EB39B}
		{B1584D38-F583-4476-A1CE-F41D83309FD3} = {89025256-F47F-4788-6A3D-2DB1CE65B590}
		{3A2BB6C1-BE66-8551-5300-A7E38EED0084} = {827E0CD3-B72D-47B6-A68D-7590B98EB39B}
		{649E6FF1-7E97-4E17-B2C2-4CEB064DF484} = {3A2BB6C1-BE66-8551-5300-A7E38EED0084}
		{DCCB122E-2987-41DF-8AFE-9420D0AC38A9} = {5D20AA90-6969-D8BD-9DCD-8634F4692FDA}
		{40C348E2-659D-4E2C-BBAC-27161AFE9A3A} = {0AB3BF05-4346-4AA6-1389-037BE0695223}
	EndGlobalSection
	GlobalSection(ExtensibilityGlobals) = postSolution
		SolutionGuid = {2251F55F-D0A0-4C40-9CBB-4174ABB0E93C}
	EndGlobalSection
EndGlobal
